
Microsoft Visual Studio Solution File, Format Version 12.00
# Visual Studio Version 17
VisualStudioVersion = 17.5.002.0
MinimumVisualStudioVersion = 10.0.40219.1
Project("{9A19103F-16F7-4668-BE54-9A1E7A4F7556}") = "18.03.23", "18.03.23\18.03.23.csproj", "{3261C4A0-0FA7-4C99-A83E-0D9EA0FF780F}"
EndProject
Project("{2150E333-8FDC-42A3-9474-1A3956D46DE8}") = "03.10.23", "03.10.23", "{7620764F-EB01-4A97-B7A7-001E014B16F5}"
EndProject
Project("{9A19103F-16F7-4668-BE54-9A1E7A4F7556}") = "31", "03.10.23\31\31.csproj", "{CBFEC807-E708-46A7-BA2C-8864E60ACECE}"
EndProject
Project("{9A19103F-16F7-4668-BE54-9A1E7A4F7556}") = "32", "03.10.23\32\32.csproj", "{FC37CD91-4D76-4CDF-893D-99FA8D6D5218}"
EndProject
Project("{9A19103F-16F7-4668-BE54-9A1E7A4F7556}") = "33", "03.10.23\33\33.csproj", "{DDF960AE-5759-4455-A529-A5FB5ECFE05D}"
EndProject
Project("{9A19103F-16F7-4668-BE54-9A1E7A4F7556}") = "35", "03.10.23\35\35.csproj", "{633A2BA0-C551-4F70-94B4-00638743DDC2}"
EndProject
Project("{9A19103F-16F7-4668-BE54-9A1E7A4F7556}") = "37", "03.10.23\37\37.csproj", "{4F88FAEA-1BDB-40D0-B531-D4572E821287}"
EndProject
Project("{2150E333-8FDC-42A3-9474-1A3956D46DE8}") = "03.10.23 HW", "03.10.23 HW", "{387E2BF5-A18F-4FAF-A56E-D3ECC4E8880D}"
EndProject
Project("{9A19103F-16F7-4668-BE54-9A1E7A4F7556}") = "34", "03.10.23 HW\34\34.csproj", "{2A4E0331-3CA4-4385-B20E-8B7EE90A9008}"
EndProject
Project("{9A19103F-16F7-4668-BE54-9A1E7A4F7556}") = "36", "03.10.23 HW\36\36.csproj", "{BDE814A5-7A40-47E4-AEB1-CF693524606E}"
EndProject
Project("{9A19103F-16F7-4668-BE54-9A1E7A4F7556}") = "38", "03.10.23 HW\38\38.csproj", "{698296FA-9385-4A36-9427-39C69F306F58}"
EndProject
Project("{2150E333-8FDC-42A3-9474-1A3956D46DE8}") = "06.10.23", "06.10.23", "{96362E3A-7F73-4EE2-9A0E-C2243C91375D}"
EndProject
Project("{9A19103F-16F7-4668-BE54-9A1E7A4F7556}") = "39", "06.10.23\39\39.csproj", "{B5C49B94-E9FE-41C3-B2DA-B8F9CBFC9E77}"
EndProject
Project("{9A19103F-16F7-4668-BE54-9A1E7A4F7556}") = "40", "06.10.23\40\40.csproj", "{E41001A0-893D-4F2A-B957-3DBE4BB447EE}"
EndProject
Project("{9A19103F-16F7-4668-BE54-9A1E7A4F7556}") = "42", "06.10.23\42\42.csproj", "{8F067353-D0CC-4A9D-B6B8-F3EB82D41548}"
EndProject
Project("{9A19103F-16F7-4668-BE54-9A1E7A4F7556}") = "44", "06.10.23\44\44.csproj", "{899966E7-2F07-4D90-93BD-33875A5017AB}"
EndProject
Project("{9A19103F-16F7-4668-BE54-9A1E7A4F7556}") = "45", "06.10.23\45\45.csproj", "{06CAFBB0-0A22-431A-A86E-5EF8D30119F5}"
EndProject
Project("{2150E333-8FDC-42A3-9474-1A3956D46DE8}") = "06.10.23 HW", "06.10.23 HW", "{82F6B184-9F1F-40A1-9C11-C88548D75394}"
EndProject
Project("{9A19103F-16F7-4668-BE54-9A1E7A4F7556}") = "41", "06.10.23 HW\41\41.csproj", "{5A63150B-EC30-4AD8-A0AD-29D3F82491DB}"
EndProject
Project("{9A19103F-16F7-4668-BE54-9A1E7A4F7556}") = "43", "06.10.23 HW\43\43.csproj", "{F1834150-7771-457C-832B-2F48183655E3}"
EndProject
Project("{2150E333-8FDC-42A3-9474-1A3956D46DE8}") = "18.09.23 HW", "18.09.23 HW", "{4AA4B97D-CFF6-4E09-AC06-EBDDBEA64A90}"
EndProject
Project("{9A19103F-16F7-4668-BE54-9A1E7A4F7556}") = "2", "18.09.23 HW\2\2.csproj", "{E8A9B7EC-7400-458D-B3B7-E0D542A9BB1E}"
EndProject
Project("{9A19103F-16F7-4668-BE54-9A1E7A4F7556}") = "4", "18.09.23 HW\4\4.csproj", "{B6F8A9B8-A350-40CB-B027-1C55AF2AADAF}"
EndProject
Project("{9A19103F-16F7-4668-BE54-9A1E7A4F7556}") = "6", "18.09.23 HW\6\6.csproj", "{B49B4C65-2A1B-4F36-BE18-D5C723AB17F5}"
EndProject
Project("{9A19103F-16F7-4668-BE54-9A1E7A4F7556}") = "8", "18.09.23 HW\8\8.csproj", "{A76BC6B9-8726-4A79-8D26-996A19B08232}"
EndProject
Project("{2150E333-8FDC-42A3-9474-1A3956D46DE8}") = "22.09.23", "22.09.23", "{C5C6312F-C4EF-4F78-92B0-F3F41EA1DF5F}"
EndProject
Project("{9A19103F-16F7-4668-BE54-9A1E7A4F7556}") = "11", "22.09.23\11\11.csproj", "{0CFB7BDE-6060-4276-8575-1A5E2A91B203}"
EndProject
Project("{9A19103F-16F7-4668-BE54-9A1E7A4F7556}") = "12", "22.09.23\12\12.csproj", "{72471C5B-6C71-4DCE-8DB8-2200942DDF46}"
EndProject
Project("{9A19103F-16F7-4668-BE54-9A1E7A4F7556}") = "14", "22.09.23\14\14.csproj", "{B72EC316-B79E-496B-8FA6-91093F159907}"
EndProject
Project("{9A19103F-16F7-4668-BE54-9A1E7A4F7556}") = "16", "22.09.23\16\16.csproj", "{1F989D0E-5CAE-438C-9819-B8BAA39DB288}"
EndProject
Project("{9A19103F-16F7-4668-BE54-9A1E7A4F7556}") = "9", "22.09.23\9\9.csproj", "{3384D472-963F-4BCA-ACFB-C94A1CF8E27D}"
EndProject
Project("{2150E333-8FDC-42A3-9474-1A3956D46DE8}") = "22.09.23 HW", "22.09.23 HW", "{B503575B-72E2-4AA2-AA44-ADC09692BB13}"
EndProject
Project("{9A19103F-16F7-4668-BE54-9A1E7A4F7556}") = "10", "22.09.23 HW\10\10.csproj", "{127DF896-7F5F-40E6-9C5A-E1CFBCF69582}"
EndProject
Project("{9A19103F-16F7-4668-BE54-9A1E7A4F7556}") = "13", "22.09.23 HW\13\13.csproj", "{2BB86CFF-0598-4220-B27F-1E8094404C84}"
EndProject
Project("{9A19103F-16F7-4668-BE54-9A1E7A4F7556}") = "15", "22.09.23 HW\15\15.csproj", "{E5A8E2AB-470C-4345-9AC7-C10DA37A0F25}"
EndProject
Project("{2150E333-8FDC-42A3-9474-1A3956D46DE8}") = "25.09.23", "25.09.23", "{F9983C09-3CA3-4A16-A036-ED0CA9F5B415}"
EndProject
Project("{9A19103F-16F7-4668-BE54-9A1E7A4F7556}") = "17", "25.09.23\17\17.csproj", "{B1B2737A-01C2-4A87-8831-17558220DE4F}"
EndProject
Project("{9A19103F-16F7-4668-BE54-9A1E7A4F7556}") = "18", "25.09.23\18\18.csproj", "{9E0D1CFC-4D4C-4B0A-8421-8EAFBEB3CD5B}"
EndProject
Project("{9A19103F-16F7-4668-BE54-9A1E7A4F7556}") = "21", "25.09.23\21\21.csproj", "{7BE3512B-2071-467A-BA10-6F3DB06C3817}"
EndProject
Project("{9A19103F-16F7-4668-BE54-9A1E7A4F7556}") = "22", "25.09.23\22\22.csproj", "{5286FD1C-3474-471E-8F0C-4D965A36549C}"
EndProject
Project("{2150E333-8FDC-42A3-9474-1A3956D46DE8}") = "25.09.23 HW", "25.09.23 HW", "{1201778C-09E9-4A9C-B36F-EF44E605ABE9}"
EndProject
Project("{9A19103F-16F7-4668-BE54-9A1E7A4F7556}") = "19", "25.09.23 HW\19\19.csproj", "{9B7E80A4-51C3-41C2-BCBD-BEDDF37E485E}"
EndProject
Project("{9A19103F-16F7-4668-BE54-9A1E7A4F7556}") = "21", "25.09.23 HW\21\21.csproj", "{D8DDA86A-04DE-47EE-9316-10F0DBAF0DE4}"
EndProject
Project("{9A19103F-16F7-4668-BE54-9A1E7A4F7556}") = "23", "25.09.23 HW\23\23.csproj", "{BF835AB3-39C7-41F4-9F90-F17059B4141A}"
EndProject
Project("{2150E333-8FDC-42A3-9474-1A3956D46DE8}") = "29.09.23", "29.09.23", "{6F862453-2CB5-4D56-9CB0-B26507CE734D}"
EndProject
Project("{9A19103F-16F7-4668-BE54-9A1E7A4F7556}") = "24", "29.09.23\24\24.csproj", "{BB668CDC-EF59-4C60-BFB8-E300692B48A9}"
EndProject
Project("{9A19103F-16F7-4668-BE54-9A1E7A4F7556}") = "26", "29.09.23\26\26.csproj", "{4E52D1BE-AA70-48A1-AE96-A1AC17653973}"
EndProject
Project("{9A19103F-16F7-4668-BE54-9A1E7A4F7556}") = "28", "29.09.23\28\28.csproj", "{FE95A403-7C82-4A87-AA32-AADC3819EE43}"
EndProject
Project("{9A19103F-16F7-4668-BE54-9A1E7A4F7556}") = "30", "29.09.23\30\30.csproj", "{4E734E90-3982-4922-A5AD-3E593721A000}"
EndProject
Project("{9A19103F-16F7-4668-BE54-9A1E7A4F7556}") = "Mass", "29.09.23\Mass\Mass.csproj", "{D8B42E69-A446-43B6-9544-C43C10ECD2F1}"
EndProject
Project("{2150E333-8FDC-42A3-9474-1A3956D46DE8}") = "29.09.23 HW", "29.09.23 HW", "{AE463E51-4DE8-446E-8F42-E98B322D5435}"
EndProject
Project("{9A19103F-16F7-4668-BE54-9A1E7A4F7556}") = "25", "29.09.23 HW\25\25.csproj", "{E18EA652-E45F-48F0-8B56-1179E2E63F30}"
EndProject
Project("{9A19103F-16F7-4668-BE54-9A1E7A4F7556}") = "27", "29.09.23 HW\27\27.csproj", "{2EB59768-2091-4791-BEA1-63FC042E1B04}"
EndProject
Project("{9A19103F-16F7-4668-BE54-9A1E7A4F7556}") = "29", "29.09.23 HW\29\29.csproj", "{BB4C7305-ACB6-4B4E-8AA5-1ABD531216D0}"
EndProject
Global
	GlobalSection(SolutionConfigurationPlatforms) = preSolution
		Debug|Any CPU = Debug|Any CPU
		Release|Any CPU = Release|Any CPU
	EndGlobalSection
	GlobalSection(ProjectConfigurationPlatforms) = postSolution
		{3261C4A0-0FA7-4C99-A83E-0D9EA0FF780F}.Debug|Any CPU.ActiveCfg = Debug|Any CPU
		{3261C4A0-0FA7-4C99-A83E-0D9EA0FF780F}.Debug|Any CPU.Build.0 = Debug|Any CPU
		{3261C4A0-0FA7-4C99-A83E-0D9EA0FF780F}.Release|Any CPU.ActiveCfg = Release|Any CPU
		{3261C4A0-0FA7-4C99-A83E-0D9EA0FF780F}.Release|Any CPU.Build.0 = Release|Any CPU
		{CBFEC807-E708-46A7-BA2C-8864E60ACECE}.Debug|Any CPU.ActiveCfg = Debug|Any CPU
		{CBFEC807-E708-46A7-BA2C-8864E60ACECE}.Debug|Any CPU.Build.0 = Debug|Any CPU
		{CBFEC807-E708-46A7-BA2C-8864E60ACECE}.Release|Any CPU.ActiveCfg = Release|Any CPU
		{CBFEC807-E708-46A7-BA2C-8864E60ACECE}.Release|Any CPU.Build.0 = Release|Any CPU
		{FC37CD91-4D76-4CDF-893D-99FA8D6D5218}.Debug|Any CPU.ActiveCfg = Debug|Any CPU
		{FC37CD91-4D76-4CDF-893D-99FA8D6D5218}.Debug|Any CPU.Build.0 = Debug|Any CPU
		{FC37CD91-4D76-4CDF-893D-99FA8D6D5218}.Release|Any CPU.ActiveCfg = Release|Any CPU
		{FC37CD91-4D76-4CDF-893D-99FA8D6D5218}.Release|Any CPU.Build.0 = Release|Any CPU
		{DDF960AE-5759-4455-A529-A5FB5ECFE05D}.Debug|Any CPU.ActiveCfg = Debug|Any CPU
		{DDF960AE-5759-4455-A529-A5FB5ECFE05D}.Debug|Any CPU.Build.0 = Debug|Any CPU
		{DDF960AE-5759-4455-A529-A5FB5ECFE05D}.Release|Any CPU.ActiveCfg = Release|Any CPU
		{DDF960AE-5759-4455-A529-A5FB5ECFE05D}.Release|Any CPU.Build.0 = Release|Any CPU
		{633A2BA0-C551-4F70-94B4-00638743DDC2}.Debug|Any CPU.ActiveCfg = Debug|Any CPU
		{633A2BA0-C551-4F70-94B4-00638743DDC2}.Debug|Any CPU.Build.0 = Debug|Any CPU
		{633A2BA0-C551-4F70-94B4-00638743DDC2}.Release|Any CPU.ActiveCfg = Release|Any CPU
		{633A2BA0-C551-4F70-94B4-00638743DDC2}.Release|Any CPU.Build.0 = Release|Any CPU
		{4F88FAEA-1BDB-40D0-B531-D4572E821287}.Debug|Any CPU.ActiveCfg = Debug|Any CPU
		{4F88FAEA-1BDB-40D0-B531-D4572E821287}.Debug|Any CPU.Build.0 = Debug|Any CPU
		{4F88FAEA-1BDB-40D0-B531-D4572E821287}.Release|Any CPU.ActiveCfg = Release|Any CPU
		{4F88FAEA-1BDB-40D0-B531-D4572E821287}.Release|Any CPU.Build.0 = Release|Any CPU
		{2A4E0331-3CA4-4385-B20E-8B7EE90A9008}.Debug|Any CPU.ActiveCfg = Debug|Any CPU
		{2A4E0331-3CA4-4385-B20E-8B7EE90A9008}.Debug|Any CPU.Build.0 = Debug|Any CPU
		{2A4E0331-3CA4-4385-B20E-8B7EE90A9008}.Release|Any CPU.ActiveCfg = Release|Any CPU
		{2A4E0331-3CA4-4385-B20E-8B7EE90A9008}.Release|Any CPU.Build.0 = Release|Any CPU
		{BDE814A5-7A40-47E4-AEB1-CF693524606E}.Debug|Any CPU.ActiveCfg = Debug|Any CPU
		{BDE814A5-7A40-47E4-AEB1-CF693524606E}.Debug|Any CPU.Build.0 = Debug|Any CPU
		{BDE814A5-7A40-47E4-AEB1-CF693524606E}.Release|Any CPU.ActiveCfg = Release|Any CPU
		{BDE814A5-7A40-47E4-AEB1-CF693524606E}.Release|Any CPU.Build.0 = Release|Any CPU
		{698296FA-9385-4A36-9427-39C69F306F58}.Debug|Any CPU.ActiveCfg = Debug|Any CPU
		{698296FA-9385-4A36-9427-39C69F306F58}.Debug|Any CPU.Build.0 = Debug|Any CPU
		{698296FA-9385-4A36-9427-39C69F306F58}.Release|Any CPU.ActiveCfg = Release|Any CPU
		{698296FA-9385-4A36-9427-39C69F306F58}.Release|Any CPU.Build.0 = Release|Any CPU
		{B5C49B94-E9FE-41C3-B2DA-B8F9CBFC9E77}.Debug|Any CPU.ActiveCfg = Debug|Any CPU
		{B5C49B94-E9FE-41C3-B2DA-B8F9CBFC9E77}.Debug|Any CPU.Build.0 = Debug|Any CPU
		{B5C49B94-E9FE-41C3-B2DA-B8F9CBFC9E77}.Release|Any CPU.ActiveCfg = Release|Any CPU
		{B5C49B94-E9FE-41C3-B2DA-B8F9CBFC9E77}.Release|Any CPU.Build.0 = Release|Any CPU
		{E41001A0-893D-4F2A-B957-3DBE4BB447EE}.Debug|Any CPU.ActiveCfg = Debug|Any CPU
		{E41001A0-893D-4F2A-B957-3DBE4BB447EE}.Debug|Any CPU.Build.0 = Debug|Any CPU
		{E41001A0-893D-4F2A-B957-3DBE4BB447EE}.Release|Any CPU.ActiveCfg = Release|Any CPU
		{E41001A0-893D-4F2A-B957-3DBE4BB447EE}.Release|Any CPU.Build.0 = Release|Any CPU
		{8F067353-D0CC-4A9D-B6B8-F3EB82D41548}.Debug|Any CPU.ActiveCfg = Debug|Any CPU
		{8F067353-D0CC-4A9D-B6B8-F3EB82D41548}.Debug|Any CPU.Build.0 = Debug|Any CPU
		{8F067353-D0CC-4A9D-B6B8-F3EB82D41548}.Release|Any CPU.ActiveCfg = Release|Any CPU
		{8F067353-D0CC-4A9D-B6B8-F3EB82D41548}.Release|Any CPU.Build.0 = Release|Any CPU
		{899966E7-2F07-4D90-93BD-33875A5017AB}.Debug|Any CPU.ActiveCfg = Debug|Any CPU
		{899966E7-2F07-4D90-93BD-33875A5017AB}.Debug|Any CPU.Build.0 = Debug|Any CPU
		{899966E7-2F07-4D90-93BD-33875A5017AB}.Release|Any CPU.ActiveCfg = Release|Any CPU
		{899966E7-2F07-4D90-93BD-33875A5017AB}.Release|Any CPU.Build.0 = Release|Any CPU
		{06CAFBB0-0A22-431A-A86E-5EF8D30119F5}.Debug|Any CPU.ActiveCfg = Debug|Any CPU
		{06CAFBB0-0A22-431A-A86E-5EF8D30119F5}.Debug|Any CPU.Build.0 = Debug|Any CPU
		{06CAFBB0-0A22-431A-A86E-5EF8D30119F5}.Release|Any CPU.ActiveCfg = Release|Any CPU
		{06CAFBB0-0A22-431A-A86E-5EF8D30119F5}.Release|Any CPU.Build.0 = Release|Any CPU
		{5A63150B-EC30-4AD8-A0AD-29D3F82491DB}.Debug|Any CPU.ActiveCfg = Debug|Any CPU
		{5A63150B-EC30-4AD8-A0AD-29D3F82491DB}.Debug|Any CPU.Build.0 = Debug|Any CPU
		{5A63150B-EC30-4AD8-A0AD-29D3F82491DB}.Release|Any CPU.ActiveCfg = Release|Any CPU
		{5A63150B-EC30-4AD8-A0AD-29D3F82491DB}.Release|Any CPU.Build.0 = Release|Any CPU
		{F1834150-7771-457C-832B-2F48183655E3}.Debug|Any CPU.ActiveCfg = Debug|Any CPU
		{F1834150-7771-457C-832B-2F48183655E3}.Debug|Any CPU.Build.0 = Debug|Any CPU
		{F1834150-7771-457C-832B-2F48183655E3}.Release|Any CPU.ActiveCfg = Release|Any CPU
		{F1834150-7771-457C-832B-2F48183655E3}.Release|Any CPU.Build.0 = Release|Any CPU
		{E8A9B7EC-7400-458D-B3B7-E0D542A9BB1E}.Debug|Any CPU.ActiveCfg = Debug|Any CPU
		{E8A9B7EC-7400-458D-B3B7-E0D542A9BB1E}.Debug|Any CPU.Build.0 = Debug|Any CPU
		{E8A9B7EC-7400-458D-B3B7-E0D542A9BB1E}.Release|Any CPU.ActiveCfg = Release|Any CPU
		{E8A9B7EC-7400-458D-B3B7-E0D542A9BB1E}.Release|Any CPU.Build.0 = Release|Any CPU
		{B6F8A9B8-A350-40CB-B027-1C55AF2AADAF}.Debug|Any CPU.ActiveCfg = Debug|Any CPU
		{B6F8A9B8-A350-40CB-B027-1C55AF2AADAF}.Debug|Any CPU.Build.0 = Debug|Any CPU
		{B6F8A9B8-A350-40CB-B027-1C55AF2AADAF}.Release|Any CPU.ActiveCfg = Release|Any CPU
		{B6F8A9B8-A350-40CB-B027-1C55AF2AADAF}.Release|Any CPU.Build.0 = Release|Any CPU
		{B49B4C65-2A1B-4F36-BE18-D5C723AB17F5}.Debug|Any CPU.ActiveCfg = Debug|Any CPU
		{B49B4C65-2A1B-4F36-BE18-D5C723AB17F5}.Debug|Any CPU.Build.0 = Debug|Any CPU
		{B49B4C65-2A1B-4F36-BE18-D5C723AB17F5}.Release|Any CPU.ActiveCfg = Release|Any CPU
		{B49B4C65-2A1B-4F36-BE18-D5C723AB17F5}.Release|Any CPU.Build.0 = Release|Any CPU
		{A76BC6B9-8726-4A79-8D26-996A19B08232}.Debug|Any CPU.ActiveCfg = Debug|Any CPU
		{A76BC6B9-8726-4A79-8D26-996A19B08232}.Debug|Any CPU.Build.0 = Debug|Any CPU
		{A76BC6B9-8726-4A79-8D26-996A19B08232}.Release|Any CPU.ActiveCfg = Release|Any CPU
		{A76BC6B9-8726-4A79-8D26-996A19B08232}.Release|Any CPU.Build.0 = Release|Any CPU
		{0CFB7BDE-6060-4276-8575-1A5E2A91B203}.Debug|Any CPU.ActiveCfg = Debug|Any CPU
		{0CFB7BDE-6060-4276-8575-1A5E2A91B203}.Debug|Any CPU.Build.0 = Debug|Any CPU
		{0CFB7BDE-6060-4276-8575-1A5E2A91B203}.Release|Any CPU.ActiveCfg = Release|Any CPU
		{0CFB7BDE-6060-4276-8575-1A5E2A91B203}.Release|Any CPU.Build.0 = Release|Any CPU
		{72471C5B-6C71-4DCE-8DB8-2200942DDF46}.Debug|Any CPU.ActiveCfg = Debug|Any CPU
		{72471C5B-6C71-4DCE-8DB8-2200942DDF46}.Debug|Any CPU.Build.0 = Debug|Any CPU
		{72471C5B-6C71-4DCE-8DB8-2200942DDF46}.Release|Any CPU.ActiveCfg = Release|Any CPU
		{72471C5B-6C71-4DCE-8DB8-2200942DDF46}.Release|Any CPU.Build.0 = Release|Any CPU
		{B72EC316-B79E-496B-8FA6-91093F159907}.Debug|Any CPU.ActiveCfg = Debug|Any CPU
		{B72EC316-B79E-496B-8FA6-91093F159907}.Debug|Any CPU.Build.0 = Debug|Any CPU
		{B72EC316-B79E-496B-8FA6-91093F159907}.Release|Any CPU.ActiveCfg = Release|Any CPU
		{B72EC316-B79E-496B-8FA6-91093F159907}.Release|Any CPU.Build.0 = Release|Any CPU
		{1F989D0E-5CAE-438C-9819-B8BAA39DB288}.Debug|Any CPU.ActiveCfg = Debug|Any CPU
		{1F989D0E-5CAE-438C-9819-B8BAA39DB288}.Debug|Any CPU.Build.0 = Debug|Any CPU
		{1F989D0E-5CAE-438C-9819-B8BAA39DB288}.Release|Any CPU.ActiveCfg = Release|Any CPU
		{1F989D0E-5CAE-438C-9819-B8BAA39DB288}.Release|Any CPU.Build.0 = Release|Any CPU
		{3384D472-963F-4BCA-ACFB-C94A1CF8E27D}.Debug|Any CPU.ActiveCfg = Debug|Any CPU
		{3384D472-963F-4BCA-ACFB-C94A1CF8E27D}.Debug|Any CPU.Build.0 = Debug|Any CPU
		{3384D472-963F-4BCA-ACFB-C94A1CF8E27D}.Release|Any CPU.ActiveCfg = Release|Any CPU
		{3384D472-963F-4BCA-ACFB-C94A1CF8E27D}.Release|Any CPU.Build.0 = Release|Any CPU
		{127DF896-7F5F-40E6-9C5A-E1CFBCF69582}.Debug|Any CPU.ActiveCfg = Debug|Any CPU
		{127DF896-7F5F-40E6-9C5A-E1CFBCF69582}.Debug|Any CPU.Build.0 = Debug|Any CPU
		{127DF896-7F5F-40E6-9C5A-E1CFBCF69582}.Release|Any CPU.ActiveCfg = Release|Any CPU
		{127DF896-7F5F-40E6-9C5A-E1CFBCF69582}.Release|Any CPU.Build.0 = Release|Any CPU
		{2BB86CFF-0598-4220-B27F-1E8094404C84}.Debug|Any CPU.ActiveCfg = Debug|Any CPU
		{2BB86CFF-0598-4220-B27F-1E8094404C84}.Debug|Any CPU.Build.0 = Debug|Any CPU
		{2BB86CFF-0598-4220-B27F-1E8094404C84}.Release|Any CPU.ActiveCfg = Release|Any CPU
		{2BB86CFF-0598-4220-B27F-1E8094404C84}.Release|Any CPU.Build.0 = Release|Any CPU
		{E5A8E2AB-470C-4345-9AC7-C10DA37A0F25}.Debug|Any CPU.ActiveCfg = Debug|Any CPU
		{E5A8E2AB-470C-4345-9AC7-C10DA37A0F25}.Debug|Any CPU.Build.0 = Debug|Any CPU
		{E5A8E2AB-470C-4345-9AC7-C10DA37A0F25}.Release|Any CPU.ActiveCfg = Release|Any CPU
		{E5A8E2AB-470C-4345-9AC7-C10DA37A0F25}.Release|Any CPU.Build.0 = Release|Any CPU
		{B1B2737A-01C2-4A87-8831-17558220DE4F}.Debug|Any CPU.ActiveCfg = Debug|Any CPU
		{B1B2737A-01C2-4A87-8831-17558220DE4F}.Debug|Any CPU.Build.0 = Debug|Any CPU
		{B1B2737A-01C2-4A87-8831-17558220DE4F}.Release|Any CPU.ActiveCfg = Release|Any CPU
		{B1B2737A-01C2-4A87-8831-17558220DE4F}.Release|Any CPU.Build.0 = Release|Any CPU
		{9E0D1CFC-4D4C-4B0A-8421-8EAFBEB3CD5B}.Debug|Any CPU.ActiveCfg = Debug|Any CPU
		{9E0D1CFC-4D4C-4B0A-8421-8EAFBEB3CD5B}.Debug|Any CPU.Build.0 = Debug|Any CPU
		{9E0D1CFC-4D4C-4B0A-8421-8EAFBEB3CD5B}.Release|Any CPU.ActiveCfg = Release|Any CPU
		{9E0D1CFC-4D4C-4B0A-8421-8EAFBEB3CD5B}.Release|Any CPU.Build.0 = Release|Any CPU
		{7BE3512B-2071-467A-BA10-6F3DB06C3817}.Debug|Any CPU.ActiveCfg = Debug|Any CPU
		{7BE3512B-2071-467A-BA10-6F3DB06C3817}.Debug|Any CPU.Build.0 = Debug|Any CPU
		{7BE3512B-2071-467A-BA10-6F3DB06C3817}.Release|Any CPU.ActiveCfg = Release|Any CPU
		{7BE3512B-2071-467A-BA10-6F3DB06C3817}.Release|Any CPU.Build.0 = Release|Any CPU
		{5286FD1C-3474-471E-8F0C-4D965A36549C}.Debug|Any CPU.ActiveCfg = Debug|Any CPU
		{5286FD1C-3474-471E-8F0C-4D965A36549C}.Debug|Any CPU.Build.0 = Debug|Any CPU
		{5286FD1C-3474-471E-8F0C-4D965A36549C}.Release|Any CPU.ActiveCfg = Release|Any CPU
		{5286FD1C-3474-471E-8F0C-4D965A36549C}.Release|Any CPU.Build.0 = Release|Any CPU
		{9B7E80A4-51C3-41C2-BCBD-BEDDF37E485E}.Debug|Any CPU.ActiveCfg = Debug|Any CPU
		{9B7E80A4-51C3-41C2-BCBD-BEDDF37E485E}.Debug|Any CPU.Build.0 = Debug|Any CPU
		{9B7E80A4-51C3-41C2-BCBD-BEDDF37E485E}.Release|Any CPU.ActiveCfg = Release|Any CPU
		{9B7E80A4-51C3-41C2-BCBD-BEDDF37E485E}.Release|Any CPU.Build.0 = Release|Any CPU
		{D8DDA86A-04DE-47EE-9316-10F0DBAF0DE4}.Debug|Any CPU.ActiveCfg = Debug|Any CPU
		{D8DDA86A-04DE-47EE-9316-10F0DBAF0DE4}.Debug|Any CPU.Build.0 = Debug|Any CPU
		{D8DDA86A-04DE-47EE-9316-10F0DBAF0DE4}.Release|Any CPU.ActiveCfg = Release|Any CPU
		{D8DDA86A-04DE-47EE-9316-10F0DBAF0DE4}.Release|Any CPU.Build.0 = Release|Any CPU
		{BF835AB3-39C7-41F4-9F90-F17059B4141A}.Debug|Any CPU.ActiveCfg = Debug|Any CPU
		{BF835AB3-39C7-41F4-9F90-F17059B4141A}.Debug|Any CPU.Build.0 = Debug|Any CPU
		{BF835AB3-39C7-41F4-9F90-F17059B4141A}.Release|Any CPU.ActiveCfg = Release|Any CPU
		{BF835AB3-39C7-41F4-9F90-F17059B4141A}.Release|Any CPU.Build.0 = Release|Any CPU
		{BB668CDC-EF59-4C60-BFB8-E300692B48A9}.Debug|Any CPU.ActiveCfg = Debug|Any CPU
		{BB668CDC-EF59-4C60-BFB8-E300692B48A9}.Debug|Any CPU.Build.0 = Debug|Any CPU
		{BB668CDC-EF59-4C60-BFB8-E300692B48A9}.Release|Any CPU.ActiveCfg = Release|Any CPU
		{BB668CDC-EF59-4C60-BFB8-E300692B48A9}.Release|Any CPU.Build.0 = Release|Any CPU
		{4E52D1BE-AA70-48A1-AE96-A1AC17653973}.Debug|Any CPU.ActiveCfg = Debug|Any CPU
		{4E52D1BE-AA70-48A1-AE96-A1AC17653973}.Debug|Any CPU.Build.0 = Debug|Any CPU
		{4E52D1BE-AA70-48A1-AE96-A1AC17653973}.Release|Any CPU.ActiveCfg = Release|Any CPU
		{4E52D1BE-AA70-48A1-AE96-A1AC17653973}.Release|Any CPU.Build.0 = Release|Any CPU
		{FE95A403-7C82-4A87-AA32-AADC3819EE43}.Debug|Any CPU.ActiveCfg = Debug|Any CPU
		{FE95A403-7C82-4A87-AA32-AADC3819EE43}.Debug|Any CPU.Build.0 = Debug|Any CPU
		{FE95A403-7C82-4A87-AA32-AADC3819EE43}.Release|Any CPU.ActiveCfg = Release|Any CPU
		{FE95A403-7C82-4A87-AA32-AADC3819EE43}.Release|Any CPU.Build.0 = Release|Any CPU
		{4E734E90-3982-4922-A5AD-3E593721A000}.Debug|Any CPU.ActiveCfg = Debug|Any CPU
		{4E734E90-3982-4922-A5AD-3E593721A000}.Debug|Any CPU.Build.0 = Debug|Any CPU
		{4E734E90-3982-4922-A5AD-3E593721A000}.Release|Any CPU.ActiveCfg = Release|Any CPU
		{4E734E90-3982-4922-A5AD-3E593721A000}.Release|Any CPU.Build.0 = Release|Any CPU
		{D8B42E69-A446-43B6-9544-C43C10ECD2F1}.Debug|Any CPU.ActiveCfg = Debug|Any CPU
		{D8B42E69-A446-43B6-9544-C43C10ECD2F1}.Debug|Any CPU.Build.0 = Debug|Any CPU
		{D8B42E69-A446-43B6-9544-C43C10ECD2F1}.Release|Any CPU.ActiveCfg = Release|Any CPU
		{D8B42E69-A446-43B6-9544-C43C10ECD2F1}.Release|Any CPU.Build.0 = Release|Any CPU
		{E18EA652-E45F-48F0-8B56-1179E2E63F30}.Debug|Any CPU.ActiveCfg = Debug|Any CPU
		{E18EA652-E45F-48F0-8B56-1179E2E63F30}.Debug|Any CPU.Build.0 = Debug|Any CPU
		{E18EA652-E45F-48F0-8B56-1179E2E63F30}.Release|Any CPU.ActiveCfg = Release|Any CPU
		{E18EA652-E45F-48F0-8B56-1179E2E63F30}.Release|Any CPU.Build.0 = Release|Any CPU
		{2EB59768-2091-4791-BEA1-63FC042E1B04}.Debug|Any CPU.ActiveCfg = Debug|Any CPU
		{2EB59768-2091-4791-BEA1-63FC042E1B04}.Debug|Any CPU.Build.0 = Debug|Any CPU
		{2EB59768-2091-4791-BEA1-63FC042E1B04}.Release|Any CPU.ActiveCfg = Release|Any CPU
		{2EB59768-2091-4791-BEA1-63FC042E1B04}.Release|Any CPU.Build.0 = Release|Any CPU
		{BB4C7305-ACB6-4B4E-8AA5-1ABD531216D0}.Debug|Any CPU.ActiveCfg = Debug|Any CPU
		{BB4C7305-ACB6-4B4E-8AA5-1ABD531216D0}.Debug|Any CPU.Build.0 = Debug|Any CPU
		{BB4C7305-ACB6-4B4E-8AA5-1ABD531216D0}.Release|Any CPU.ActiveCfg = Release|Any CPU
		{BB4C7305-ACB6-4B4E-8AA5-1ABD531216D0}.Release|Any CPU.Build.0 = Release|Any CPU
	EndGlobalSection
	GlobalSection(SolutionProperties) = preSolution
		HideSolutionNode = FALSE
	EndGlobalSection
	GlobalSection(NestedProjects) = preSolution
		{CBFEC807-E708-46A7-BA2C-8864E60ACECE} = {7620764F-EB01-4A97-B7A7-001E014B16F5}
		{FC37CD91-4D76-4CDF-893D-99FA8D6D5218} = {7620764F-EB01-4A97-B7A7-001E014B16F5}
		{DDF960AE-5759-4455-A529-A5FB5ECFE05D} = {7620764F-EB01-4A97-B7A7-001E014B16F5}
		{633A2BA0-C551-4F70-94B4-00638743DDC2} = {7620764F-EB01-4A97-B7A7-001E014B16F5}
		{4F88FAEA-1BDB-40D0-B531-D4572E821287} = {7620764F-EB01-4A97-B7A7-001E014B16F5}
		{2A4E0331-3CA4-4385-B20E-8B7EE90A9008} = {387E2BF5-A18F-4FAF-A56E-D3ECC4E8880D}
		{BDE814A5-7A40-47E4-AEB1-CF693524606E} = {387E2BF5-A18F-4FAF-A56E-D3ECC4E8880D}
		{698296FA-9385-4A36-9427-39C69F306F58} = {387E2BF5-A18F-4FAF-A56E-D3ECC4E8880D}
		{B5C49B94-E9FE-41C3-B2DA-B8F9CBFC9E77} = {96362E3A-7F73-4EE2-9A0E-C2243C91375D}
		{E41001A0-893D-4F2A-B957-3DBE4BB447EE} = {96362E3A-7F73-4EE2-9A0E-C2243C91375D}
		{8F067353-D0CC-4A9D-B6B8-F3EB82D41548} = {96362E3A-7F73-4EE2-9A0E-C2243C91375D}
		{899966E7-2F07-4D90-93BD-33875A5017AB} = {96362E3A-7F73-4EE2-9A0E-C2243C91375D}
		{06CAFBB0-0A22-431A-A86E-5EF8D30119F5} = {96362E3A-7F73-4EE2-9A0E-C2243C91375D}
		{5A63150B-EC30-4AD8-A0AD-29D3F82491DB} = {82F6B184-9F1F-40A1-9C11-C88548D75394}
		{F1834150-7771-457C-832B-2F48183655E3} = {82F6B184-9F1F-40A1-9C11-C88548D75394}
		{E8A9B7EC-7400-458D-B3B7-E0D542A9BB1E} = {4AA4B97D-CFF6-4E09-AC06-EBDDBEA64A90}
		{B6F8A9B8-A350-40CB-B027-1C55AF2AADAF} = {4AA4B97D-CFF6-4E09-AC06-EBDDBEA64A90}
		{B49B4C65-2A1B-4F36-BE18-D5C723AB17F5} = {4AA4B97D-CFF6-4E09-AC06-EBDDBEA64A90}
		{A76BC6B9-8726-4A79-8D26-996A19B08232} = {4AA4B97D-CFF6-4E09-AC06-EBDDBEA64A90}
		{0CFB7BDE-6060-4276-8575-1A5E2A91B203} = {C5C6312F-C4EF-4F78-92B0-F3F41EA1DF5F}
		{72471C5B-6C71-4DCE-8DB8-2200942DDF46} = {C5C6312F-C4EF-4F78-92B0-F3F41EA1DF5F}
		{B72EC316-B79E-496B-8FA6-91093F159907} = {C5C6312F-C4EF-4F78-92B0-F3F41EA1DF5F}
		{1F989D0E-5CAE-438C-9819-B8BAA39DB288} = {C5C6312F-C4EF-4F78-92B0-F3F41EA1DF5F}
		{3384D472-963F-4BCA-ACFB-C94A1CF8E27D} = {C5C6312F-C4EF-4F78-92B0-F3F41EA1DF5F}
		{127DF896-7F5F-40E6-9C5A-E1CFBCF69582} = {B503575B-72E2-4AA2-AA44-ADC09692BB13}
		{2BB86CFF-0598-4220-B27F-1E8094404C84} = {B503575B-72E2-4AA2-AA44-ADC09692BB13}
		{E5A8E2AB-470C-4345-9AC7-C10DA37A0F25} = {B503575B-72E2-4AA2-AA44-ADC09692BB13}
		{B1B2737A-01C2-4A87-8831-17558220DE4F} = {F9983C09-3CA3-4A16-A036-ED0CA9F5B415}
		{9E0D1CFC-4D4C-4B0A-8421-8EAFBEB3CD5B} = {F9983C09-3CA3-4A16-A036-ED0CA9F5B415}
		{7BE3512B-2071-467A-BA10-6F3DB06C3817} = {F9983C09-3CA3-4A16-A036-ED0CA9F5B415}
		{5286FD1C-3474-471E-8F0C-4D965A36549C} = {F9983C09-3CA3-4A16-A036-ED0CA9F5B415}
		{9B7E80A4-51C3-41C2-BCBD-BEDDF37E485E} = {1201778C-09E9-4A9C-B36F-EF44E605ABE9}
		{D8DDA86A-04DE-47EE-9316-10F0DBAF0DE4} = {1201778C-09E9-4A9C-B36F-EF44E605ABE9}
		{BF835AB3-39C7-41F4-9F90-F17059B4141A} = {1201778C-09E9-4A9C-B36F-EF44E605ABE9}
		{BB668CDC-EF59-4C60-BFB8-E300692B48A9} = {6F862453-2CB5-4D56-9CB0-B26507CE734D}
		{4E52D1BE-AA70-48A1-AE96-A1AC17653973} = {6F862453-2CB5-4D56-9CB0-B26507CE734D}
		{FE95A403-7C82-4A87-AA32-AADC3819EE43} = {6F862453-2CB5-4D56-9CB0-B26507CE734D}
		{4E734E90-3982-4922-A5AD-3E593721A000} = {6F862453-2CB5-4D56-9CB0-B26507CE734D}
		{D8B42E69-A446-43B6-9544-C43C10ECD2F1} = {6F862453-2CB5-4D56-9CB0-B26507CE734D}
		{E18EA652-E45F-48F0-8B56-1179E2E63F30} = {AE463E51-4DE8-446E-8F42-E98B322D5435}
		{2EB59768-2091-4791-BEA1-63FC042E1B04} = {AE463E51-4DE8-446E-8F42-E98B322D5435}
		{BB4C7305-ACB6-4B4E-8AA5-1ABD531216D0} = {AE463E51-4DE8-446E-8F42-E98B322D5435}
	EndGlobalSection
	GlobalSection(ExtensibilityGlobals) = postSolution
		SolutionGuid = {6E3C71C3-9B64-493F-83CF-363B24A4006D}
	EndGlobalSection
EndGlobal
